# This is a Gradle generated file for dependency locking.
# Manual edits can break the build and are not advised.
# This file is expected to be part of source control.
aopalliance:aopalliance:1.0=compileClasspath
ch.qos.logback:logback-classic:1.2.3=compileClasspath
ch.qos.logback:logback-core:1.2.3=compileClasspath
com.google.code.findbugs:jsr305:3.0.2=compileClasspath
com.google.code.gson:gson:2.8.5=compileClasspath
com.google.errorprone:error_prone_annotations:2.2.0=compileClasspath
com.google.guava:failureaccess:1.0.1=compileClasspath
com.google.guava:guava:27.1-jre=compileClasspath
com.google.guava:listenablefuture:9999.0-empty-to-avoid-conflict-with-guava=compileClasspath
com.google.inject:guice:4.2.3=compileClasspath
com.google.j2objc:j2objc-annotations:1.1=compileClasspath
com.squareup.moshi:moshi:1.5.0=compileClasspath
com.squareup.okhttp3:logging-interceptor:3.13.1=compileClasspath
com.squareup.okhttp3:okhttp:3.13.1=compileClasspath
com.squareup.okio:okio:1.17.2=compileClasspath
com.squareup.retrofit2:converter-moshi:2.5.0=compileClasspath
com.squareup.retrofit2:retrofit:2.5.0=compileClasspath
com.typesafe.slick:slick-hikaricp_2.11:3.3.3=compileClasspath
com.typesafe.slick:slick_2.11:3.3.3=compileClasspath
com.typesafe:config:1.3.2=compileClasspath
com.zaxxer:HikariCP:3.2.0=compileClasspath
commons-logging:commons-logging:1.2=compileClasspath
javax.inject:javax.inject:1=compileClasspath
junit:junit:4.13.2=compileClasspath
org.apache.commons:commons-configuration2:2.7=compileClasspath
org.apache.commons:commons-lang3:3.9=compileClasspath
org.apache.commons:commons-math3:3.6.1=compileClasspath
org.apache.commons:commons-text:1.8=compileClasspath
org.apiguardian:apiguardian-api:1.1.0=compileClasspath
org.checkerframework:checker-qual:2.5.2=compileClasspath
org.codehaus.mojo:animal-sniffer-annotations:1.17=compileClasspath
org.flywaydb:flyway-core:5.2.1=compileClasspath
org.hamcrest:hamcrest-core:1.3=compileClasspath
org.influxdb:influxdb-java:2.15=compileClasspath
org.junit.jupiter:junit-jupiter-api:5.7.2=compileClasspath
org.junit.platform:junit-platform-commons:1.7.2=compileClasspath
org.junit:junit-bom:5.7.2=compileClasspath
org.msgpack:msgpack-core:0.8.16=compileClasspath
org.opentest4j:opentest4j:1.2.0=compileClasspath
org.reactivestreams:reactive-streams:1.0.2=compileClasspath
org.scala-lang.modules:scala-collection-compat_2.11:2.4.3=compileClasspath
org.scala-lang.modules:scala-java8-compat_2.11:0.8.0=compileClasspath
org.scala-lang.modules:scala-xml_2.11:1.2.0=compileClasspath,scoverage
org.scala-lang:scala-library:2.11.12=compileClasspath,scoverage
org.scala-lang:scala-reflect:2.11.12=compileClasspath
org.scalactic:scalactic_2.11:3.1.4=compileClasspath
org.scalatest:scalatest_2.11:3.1.4=compileClasspath
org.scalatestplus:junit-4-12_2.11:3.1.1.0=compileClasspath
org.scalatestplus:scalatestplus-junit_2.11:1.0.0-SNAP9=compileClasspath
org.scalaz:scalaz-core_2.11:7.3.4=compileClasspath
org.scoverage:scalac-scoverage-plugin_2.11:1.4.1=scoverage
org.scoverage:scalac-scoverage-runtime_2.11:1.4.1=scoverage
org.slf4j:slf4j-api:1.7.30=compileClasspath
empty=
