# This is a Gradle generated file for dependency locking.
# Manual edits can break the build and are not advised.
# This file is expected to be part of source control.
ch.epfl.scala:scalafix-cli_2.12.12:0.9.19=classpath
ch.epfl.scala:scalafix-core_2.12:0.9.19=classpath
ch.epfl.scala:scalafix-interfaces:0.9.19=classpath
ch.epfl.scala:scalafix-reflect_2.12.12:0.9.19=classpath
ch.epfl.scala:scalafix-rules_2.12:0.9.19=classpath
ch.qos.logback:logback-classic:1.2.3=classpath
ch.qos.logback:logback-core:1.2.3=classpath
com.adtran:scala-multiversion-plugin:1.0.36=classpath
com.fasterxml.jackson:jackson-bom:2.11.0=classpath
com.geirsson:metaconfig-core_2.12:0.9.10=classpath
com.geirsson:metaconfig-typesafe-config_2.12:0.9.10=classpath
com.github.zafarkhaja:java-semver:0.9.0=classpath
com.google.protobuf:protobuf-java:3.11.4=classpath
com.googlecode.java-diff-utils:diffutils:1.3.0=classpath
com.googlecode.javaewah:JavaEWAH:1.1.7=classpath
com.jcraft:jsch.agentproxy.connector-factory:0.0.7=classpath
com.jcraft:jsch.agentproxy.core:0.0.7=classpath
com.jcraft:jsch.agentproxy.pageant:0.0.7=classpath
com.jcraft:jsch.agentproxy.sshagent:0.0.7=classpath
com.jcraft:jsch.agentproxy.svnkit-trilead-ssh2:0.0.7=classpath
com.jcraft:jsch.agentproxy.usocket-jna:0.0.7=classpath
com.jcraft:jsch.agentproxy.usocket-nc:0.0.7=classpath
com.jcraft:jzlib:1.1.2=classpath
com.lihaoyi:fansi_2.12:0.2.9=classpath
com.lihaoyi:fastparse_2.12:2.3.0=classpath
com.lihaoyi:geny_2.12:0.6.0=classpath
com.lihaoyi:pprint_2.12:0.5.9=classpath
com.lihaoyi:sourcecode_2.12:0.2.1=classpath
com.martiansoftware:nailgun-server:0.9.1=classpath
com.netflix.nebula:gradle-contacts-plugin:5.1.0=classpath
com.netflix.nebula:gradle-git-scm-plugin:4.2.0=classpath
com.netflix.nebula:gradle-info-plugin:8.2.0=classpath
com.netflix.nebula:gradle-scm-plugin:5.0.3=classpath
com.netflix.nebula:nebula-gradle-interop:1.0.11=classpath
com.netflix.nebula:nebula-publishing-plugin:17.3.0=classpath
com.netflix.nebula:nebula-release-plugin:15.0.3=classpath
com.perforce:p4java:2015.2.1365273=classpath
com.thesamet.scalapb:lenses_2.12:0.10.3=classpath
com.thesamet.scalapb:scalapb-runtime_2.12:0.10.3=classpath
com.trilead:trilead-ssh2:1.0.0-build220=classpath
com.typesafe:config:1.2.1=classpath
commons-beanutils:commons-beanutils:1.8.0=classpath
commons-codec:commons-codec:1.6=classpath
commons-collections:commons-collections:3.2.1=classpath
commons-io:commons-io:2.6=classpath
commons-lang:commons-lang:2.4=classpath
commons-logging:commons-logging:1.1.3=classpath
de.regnis.q.sequence:sequence-library:1.0.3=classpath
io.get-coursier:interface:0.0.22=classpath
io.github.cosmicsilence:gradle-scalafix:0.1.3=classpath
net.java.dev.jna:jna-platform:4.1.0=classpath
net.java.dev.jna:jna:4.1.0=classpath
net.java.dev.jna:platform:3.4.0=classpath
net.sf.ezmorph:ezmorph:1.0.6=classpath
net.sf.json-lib:json-lib:2.3=classpath
net.sourceforge.nekohtml:nekohtml:1.9.16=classpath
org.ajoberstar.grgit:grgit-core:4.0.2=classpath
org.ajoberstar.grgit:grgit-gradle:4.0.2=classpath
org.antlr:antlr-runtime:3.4=classpath
org.apache.commons:commons-lang3:3.9=classpath
org.apache.commons:commons-text:1.8=classpath
org.apache.httpcomponents:httpclient:4.3=classpath
org.apache.httpcomponents:httpcore:4.3=classpath
org.apache.httpcomponents:httpmime:4.3=classpath
org.codehaus.groovy.modules.http-builder:http-builder:0.7.1=classpath
org.eclipse.jgit:org.eclipse.jgit:5.8.0.202006091008-r=classpath
org.github.ngbinh.scalastyle:gradle-scalastyle-plugin_2.12:1.0.0=classpath
org.jetbrains.kotlin:kotlin-stdlib-common:1.3.50=classpath
org.jetbrains.kotlin:kotlin-stdlib-jdk7:1.3.50=classpath
org.jetbrains.kotlin:kotlin-stdlib-jdk8:1.3.50=classpath
org.jetbrains.kotlin:kotlin-stdlib:1.3.50=classpath
org.jetbrains:annotations:13.0=classpath
org.kt3k.gradle.plugin:coveralls-gradle-plugin:2.8.2=classpath
org.scala-lang.modules:scala-collection-compat_2.12:2.1.6=classpath
org.scala-lang.modules:scala-java8-compat_2.12:0.9.0=classpath
org.scala-lang.modules:scala-parser-combinators_2.12:1.0.6=classpath
org.scala-lang.modules:scala-xml_2.12:1.0.6=classpath
org.scala-lang:scala-compiler:2.12.12=classpath
org.scala-lang:scala-library:2.12.12=classpath
org.scala-lang:scala-reflect:2.12.12=classpath
org.scala-lang:scalap:2.12.12=classpath
org.scalameta:common_2.12:4.3.20=classpath
org.scalameta:fastparse-utils_2.12:1.0.1=classpath
org.scalameta:fastparse_2.12:1.0.1=classpath
org.scalameta:parsers_2.12:4.3.20=classpath
org.scalameta:scalameta_2.12:4.3.20=classpath
org.scalameta:semanticdb-scalac-core_2.12.12:4.3.20=classpath
org.scalameta:trees_2.12:4.3.20=classpath
org.scalariform:scalariform_2.12:0.2.0=classpath
org.scalastyle:scalastyle_2.12:1.0.0=classpath
org.scoverage:gradle-scoverage:4.0.2=classpath
org.slf4j:slf4j-api:1.7.25=classpath
org.tmatesoft.sqljet:sqljet:1.1.10=classpath
org.tmatesoft.svnkit:svnkit:1.8.12=classpath
org.typelevel:paiges-core_2.12:0.3.0=classpath
xerces:xercesImpl:2.9.1=classpath
xml-resolver:xml-resolver:1.2=classpath
empty=
