# This is a Gradle generated file for dependency locking.
# Manual edits can break the build and are not advised.
# This file is expected to be part of source control.
aopalliance:aopalliance:1.0=compileClasspath,testCompileClasspath
ch.qos.logback:logback-classic:1.2.3=compileClasspath,testCompileClasspath
ch.qos.logback:logback-core:1.2.3=compileClasspath,testCompileClasspath
com.eatthepath:fast-uuid:0.1=compileClasspath,testCompileClasspath
com.fasterxml.jackson.core:jackson-annotations:2.11.2=compileClasspath,testCompileClasspath
com.fasterxml.jackson.core:jackson-core:2.11.2=compileClasspath,testCompileClasspath
com.fasterxml.jackson.core:jackson-databind:2.11.2=compileClasspath,testCompileClasspath
com.github.ben-manes.caffeine:caffeine:2.8.5=compileClasspath,testCompileClasspath
com.github.scopt:scopt_2.12:3.7.1=compileClasspath,testCompileClasspath
com.google.code.findbugs:jsr305:3.0.2=compileClasspath,testCompileClasspath
com.google.code.gson:gson:2.8.5=compileClasspath,testCompileClasspath
com.google.errorprone:error_prone_annotations:2.4.0=compileClasspath,testCompileClasspath
com.google.guava:failureaccess:1.0.1=compileClasspath,testCompileClasspath
com.google.guava:guava:27.1-jre=compileClasspath,testCompileClasspath
com.google.guava:listenablefuture:9999.0-empty-to-avoid-conflict-with-guava=compileClasspath,testCompileClasspath
com.google.inject:guice:4.2.3=compileClasspath,testCompileClasspath
com.google.j2objc:j2objc-annotations:1.1=compileClasspath,testCompileClasspath
com.softwaremill.quicklens:quicklens_2.12:1.6.1=compileClasspath,testCompileClasspath
com.squareup.moshi:moshi:1.5.0=compileClasspath,testCompileClasspath
com.squareup.okhttp3:logging-interceptor:3.13.1=compileClasspath,testCompileClasspath
com.squareup.okhttp3:okhttp:3.13.1=compileClasspath,testCompileClasspath
com.squareup.okio:okio:1.17.2=compileClasspath,testCompileClasspath
com.squareup.retrofit2:converter-moshi:2.5.0=compileClasspath,testCompileClasspath
com.squareup.retrofit2:retrofit:2.5.0=compileClasspath,testCompileClasspath
com.tdunning:t-digest:3.1=compileClasspath,testCompileClasspath
com.typesafe.akka:akka-actor_2.12:2.6.8=compileClasspath,testCompileClasspath
com.typesafe.akka:akka-slf4j_2.12:2.6.8=compileClasspath,testCompileClasspath
com.typesafe.scala-logging:scala-logging_2.12:3.9.2=compileClasspath,testCompileClasspath
com.typesafe.slick:slick-hikaricp_2.11:3.3.2=compileClasspath,testCompileClasspath
com.typesafe.slick:slick_2.11:3.3.2=compileClasspath,testCompileClasspath
com.typesafe:config:1.4.0=compileClasspath,testCompileClasspath
com.zaxxer:HikariCP:3.2.0=compileClasspath,testCompileClasspath
commons-logging:commons-logging:1.2=compileClasspath,testCompileClasspath
io.burt:jmespath-core:0.5.0=compileClasspath,testCompileClasspath
io.burt:jmespath-jackson:0.5.0=compileClasspath,testCompileClasspath
io.gatling:gatling-app:3.4.0=compileClasspath,testCompileClasspath
io.gatling:gatling-charts:3.4.0=compileClasspath,testCompileClasspath
io.gatling:gatling-commons-shared:3.4.0=compileClasspath,testCompileClasspath
io.gatling:gatling-commons:3.4.0=compileClasspath,testCompileClasspath
io.gatling:gatling-core:3.4.0=compileClasspath,testCompileClasspath
io.gatling:gatling-graphite:3.4.0=compileClasspath,testCompileClasspath
io.gatling:gatling-http-client:3.4.0=compileClasspath,testCompileClasspath
io.gatling:gatling-http:3.4.0=compileClasspath,testCompileClasspath
io.gatling:gatling-jdbc:3.4.0=compileClasspath,testCompileClasspath
io.gatling:gatling-jms:3.4.0=compileClasspath,testCompileClasspath
io.gatling:gatling-jsonpath:3.4.0=compileClasspath,testCompileClasspath
io.gatling:gatling-netty-util:3.4.0=compileClasspath,testCompileClasspath
io.gatling:gatling-redis:3.4.0=compileClasspath,testCompileClasspath
io.netty:netty-buffer:4.1.51.Final=compileClasspath,testCompileClasspath
io.netty:netty-codec-dns:4.1.51.Final=compileClasspath,testCompileClasspath
io.netty:netty-codec-http2:4.1.51.Final=compileClasspath,testCompileClasspath
io.netty:netty-codec-http:4.1.51.Final=compileClasspath,testCompileClasspath
io.netty:netty-codec-socks:4.1.51.Final=compileClasspath,testCompileClasspath
io.netty:netty-codec:4.1.51.Final=compileClasspath,testCompileClasspath
io.netty:netty-common:4.1.51.Final=compileClasspath,testCompileClasspath
io.netty:netty-handler-proxy:4.1.51.Final=compileClasspath,testCompileClasspath
io.netty:netty-handler:4.1.51.Final=compileClasspath,testCompileClasspath
io.netty:netty-resolver-dns:4.1.51.Final=compileClasspath,testCompileClasspath
io.netty:netty-resolver:4.1.51.Final=compileClasspath,testCompileClasspath
io.netty:netty-tcnative-boringssl-static:2.0.34.Final=compileClasspath,testCompileClasspath
io.netty:netty-transport-native-epoll:4.1.51.Final=compileClasspath,testCompileClasspath
io.netty:netty-transport-native-unix-common:4.1.51.Final=compileClasspath,testCompileClasspath
io.netty:netty-transport:4.1.51.Final=compileClasspath,testCompileClasspath
io.pebbletemplates:pebble:3.1.4=compileClasspath,testCompileClasspath
io.suzaku:boopickle_2.12:1.3.3=compileClasspath,testCompileClasspath
javax.inject:javax.inject:1=compileClasspath,testCompileClasspath
javax.jms:javax.jms-api:2.0.1=compileClasspath,testCompileClasspath
junit:junit:4.12=compileClasspath,testCompileClasspath
net.debasishg:redisclient_2.12:3.30=compileClasspath,testCompileClasspath
net.sf.saxon:Saxon-HE:10.2=compileClasspath,testCompileClasspath
org.apache.commons:commons-configuration2:2.4=compileClasspath,testCompileClasspath
org.apache.commons:commons-lang3:3.8.1=compileClasspath,testCompileClasspath
org.apache.commons:commons-math3:3.6.1=compileClasspath,testCompileClasspath
org.apache.commons:commons-pool2:2.8.0=compileClasspath,testCompileClasspath
org.apache.commons:commons-text:1.6=compileClasspath,testCompileClasspath
org.apiguardian:apiguardian-api:1.1.0=compileClasspath,testCompileClasspath
org.checkerframework:checker-qual:3.4.1=compileClasspath,testCompileClasspath
org.codehaus.mojo:animal-sniffer-annotations:1.17=compileClasspath,testCompileClasspath
org.flywaydb:flyway-core:5.2.1=compileClasspath,testCompileClasspath
org.hamcrest:hamcrest-core:1.3=compileClasspath,testCompileClasspath
org.hdrhistogram:HdrHistogram:2.1.12=compileClasspath,testCompileClasspath
org.influxdb:influxdb-java:2.15=compileClasspath,testCompileClasspath
org.jodd:jodd-lagarto:6.0.0=compileClasspath,testCompileClasspath
org.junit.jupiter:junit-jupiter-api:5.7.0=compileClasspath,testCompileClasspath
org.junit.platform:junit-platform-commons:1.7.0=compileClasspath,testCompileClasspath
org.junit:junit-bom:5.7.0=compileClasspath,testCompileClasspath
org.msgpack:msgpack-core:0.8.16=compileClasspath,testCompileClasspath
org.opentest4j:opentest4j:1.2.0=compileClasspath,testCompileClasspath
org.reactivestreams:reactive-streams:1.0.2=compileClasspath,testCompileClasspath
org.scala-lang.modules:scala-collection-compat_2.11:2.0.0=compileClasspath,testCompileClasspath
org.scala-lang.modules:scala-java8-compat_2.12:0.9.1=compileClasspath,testCompileClasspath
org.scala-lang.modules:scala-parser-combinators_2.12:1.1.2=compileClasspath,testCompileClasspath
org.scala-lang.modules:scala-xml_2.11:1.2.0=compileClasspath,scoverage,testCompileClasspath
org.scala-lang:scala-library:2.11.11=compileClasspath,testCompileClasspath
org.scala-lang:scala-library:2.11.12=scoverage
org.scala-lang:scala-reflect:2.12.12=compileClasspath,testCompileClasspath
org.scalactic:scalactic_2.11:3.1.4=compileClasspath,testCompileClasspath
org.scalatest:scalatest_2.11:3.1.4=compileClasspath,testCompileClasspath
org.scalatestplus:junit-4-12_2.11:3.1.1.0=compileClasspath,testCompileClasspath
org.scalatestplus:scalatestplus-junit_2.11:1.0.0-SNAP9=compileClasspath,testCompileClasspath
org.scoverage:scalac-scoverage-plugin_2.11:1.4.1=scoverage
org.scoverage:scalac-scoverage-runtime_2.11:1.4.1=scoverage
org.simpleflatmapper:lightning-csv:8.2.3=compileClasspath,testCompileClasspath
org.simpleflatmapper:sfm-util:8.2.3=compileClasspath,testCompileClasspath
org.slf4j:slf4j-api:1.7.30=compileClasspath,testCompileClasspath
org.tinylog:tinylog:1.3.6=compileClasspath,testCompileClasspath
org.typelevel:spire-macros_2.12:0.16.2=compileClasspath,testCompileClasspath
org.unbescape:unbescape:1.1.6.RELEASE=compileClasspath,testCompileClasspath
empty=
